{
  "name": "portfolio",
  "lockfileVersion": 2,
  "requires": true,
  "packages": {
    "": {
      "dependencies": {
        "lite-youtube-embed": "^0.3.4"
      }
    },
    "node_modules/lite-youtube-embed": {
      "version": "0.3.4",
      "resolved": "https://registry.npmjs.org/lite-youtube-embed/-/lite-youtube-embed-0.3.4.tgz",
      "integrity": "sha512-aXgxpwK7AIW58GEbRzA8EYaY4LWvF3FKak6B9OtSJmuNyLhX2ouD4cMTxz/yR5HFInhknaYd2jLWOTRTvT8oAw=="
    }
  },
  "dependencies": {
    "lite-youtube-embed": {
      "version": "0.3.4",
      "resolved": "https://registry.npmjs.org/lite-youtube-embed/-/lite-youtube-embed-0.3.4.tgz",
      "integrity": "sha512-aXgxpwK7AIW58GEbRzA8EYaY4LWvF3FKak6B9OtSJmuNyLhX2ouD4cMTxz/yR5HFInhknaYd2jLWOTRTvT8oAw=="
    }
  }
}
